
Microsoft Visual Studio Solution File, Format Version 12.00
# Visual Studio 2013
Project("{FAE04EC0-301F-11D3-BF4B-00C04F79EFBC}") = "UnityVS.Tank.CSharp", "UnityVS.Tank.CSharp.csproj", "{DFC5A859-80E6-CC1A-6753-24C9A508827C}"
EndProject
Global
	GlobalSection(SolutionConfigurationPlatforms) = preSolution
		Debug|Any CPU = Debug|Any CPU
		Release|Any CPU = Release|Any CPU
	EndGlobalSection
	GlobalSection(ProjectConfigurationPlatforms) = postSolution
		{DFC5A859-80E6-CC1A-6753-24C9A508827C}.Debug|Any CPU.ActiveCfg = Debug|Any CPU
		{DFC5A859-80E6-CC1A-6753-24C9A508827C}.Debug|Any CPU.Build.0 = Debug|Any CPU
		{DFC5A859-80E6-CC1A-6753-24C9A508827C}.Release|Any CPU.ActiveCfg = Release|Any CPU
		{DFC5A859-80E6-CC1A-6753-24C9A508827C}.Release|Any CPU.Build.0 = Release|Any CPU
	EndGlobalSection
	GlobalSection(SolutionProperties) = preSolution
		HideSolutionNode = FALSE
	EndGlobalSection
EndGlobal
